
Microsoft Visual Studio Solution File, Format Version 12.00
# Visual Studio Version 16
VisualStudioVersion = 16.0.31624.102
MinimumVisualStudioVersion = 10.0.40219.1
Project("{FAE04EC0-301F-11D3-BF4B-00C04F79EFBC}") = "TasksList.Web", "TasksList.Web\TasksList.Web.csproj", "{8C0FBAF0-DF9C-42AC-A99C-5384C42FDF1D}"
EndProject
Global
	GlobalSection(SolutionConfigurationPlatforms) = preSolution
		Debug|Any CPU = Debug|Any CPU
		Release|Any CPU = Release|Any CPU
	EndGlobalSection
	GlobalSection(ProjectConfigurationPlatforms) = postSolution
		{8C0FBAF0-DF9C-42AC-A99C-5384C42FDF1D}.Debug|Any CPU.ActiveCfg = Debug|Any CPU
		{8C0FBAF0-DF9C-42AC-A99C-5384C42FDF1D}.Debug|Any CPU.Build.0 = Debug|Any CPU
		{8C0FBAF0-DF9C-42AC-A99C-5384C42FDF1D}.Release|Any CPU.ActiveCfg = Release|Any CPU
		{8C0FBAF0-DF9C-42AC-A99C-5384C42FDF1D}.Release|Any CPU.Build.0 = Release|Any CPU
	EndGlobalSection
	GlobalSection(SolutionProperties) = preSolution
		HideSolutionNode = FALSE
	EndGlobalSection
	GlobalSection(ExtensibilityGlobals) = postSolution
		SolutionGuid = {44319601-41F3-4072-822B-AB493685C539}
	EndGlobalSection
EndGlobal
